
Microsoft Visual Studio Solution File, Format Version 12.00
# Visual Studio Version 17
VisualStudioVersion = 17.11.35327.3
MinimumVisualStudioVersion = 10.0.40219.1
Project("{888888A0-9F3D-457C-B088-3A5042F75D52}") = "vps", "vps.pyproj", "{3678D0EE-5BAD-4489-9A47-4BC65D6C09C5}"
EndProject
Global
	GlobalSection(SolutionConfigurationPlatforms) = preSolution
		Debug|Any CPU = Debug|Any CPU
		Release|Any CPU = Release|Any CPU
	EndGlobalSection
	GlobalSection(ProjectConfigurationPlatforms) = postSolution
		{3678D0EE-5BAD-4489-9A47-4BC65D6C09C5}.Debug|Any CPU.ActiveCfg = Debug|Any CPU
		{3678D0EE-5BAD-4489-9A47-4BC65D6C09C5}.Debug|Any CPU.Build.0 = Debug|Any CPU
		{3678D0EE-5BAD-4489-9A47-4BC65D6C09C5}.Release|Any CPU.ActiveCfg = Release|Any CPU
		{3678D0EE-5BAD-4489-9A47-4BC65D6C09C5}.Release|Any CPU.Build.0 = Release|Any CPU
	EndGlobalSection
	GlobalSection(SolutionProperties) = preSolution
		HideSolutionNode = FALSE
	EndGlobalSection
	GlobalSection(ExtensibilityGlobals) = postSolution
		SolutionGuid = {D83CD41C-132D-4943-91D5-DC2DBABBA274}
	EndGlobalSection
EndGlobal
